
Microsoft Visual Studio Solution File, Format Version 12.00
# Visual Studio Version 17
VisualStudioVersion = 17.4.33122.133
MinimumVisualStudioVersion = 10.0.40219.1
Project("{FAE04EC0-301F-11D3-BF4B-00C04F79EFBC}") = "practicaMVC05", "practicaMVC05\practicaMVC05.csproj", "{2A4D9103-B7C5-4F78-8C94-DB82883DA0B1}"
EndProject
Global
	GlobalSection(SolutionConfigurationPlatforms) = preSolution
		Debug|Any CPU = Debug|Any CPU
		Release|Any CPU = Release|Any CPU
	EndGlobalSection
	GlobalSection(ProjectConfigurationPlatforms) = postSolution
		{2A4D9103-B7C5-4F78-8C94-DB82883DA0B1}.Debug|Any CPU.ActiveCfg = Debug|Any CPU
		{2A4D9103-B7C5-4F78-8C94-DB82883DA0B1}.Debug|Any CPU.Build.0 = Debug|Any CPU
		{2A4D9103-B7C5-4F78-8C94-DB82883DA0B1}.Release|Any CPU.ActiveCfg = Release|Any CPU
		{2A4D9103-B7C5-4F78-8C94-DB82883DA0B1}.Release|Any CPU.Build.0 = Release|Any CPU
	EndGlobalSection
	GlobalSection(SolutionProperties) = preSolution
		HideSolutionNode = FALSE
	EndGlobalSection
	GlobalSection(ExtensibilityGlobals) = postSolution
		SolutionGuid = {15093142-CDFD-4AB6-BA36-51B8184EDD57}
	EndGlobalSection
EndGlobal
